
Microsoft Visual Studio Solution File, Format Version 12.00
# Visual Studio Version 17
VisualStudioVersion = 17.1.32127.271
MinimumVisualStudioVersion = 10.0.40219.1
Project("{FAE04EC0-301F-11D3-BF4B-00C04F79EFBC}") = "LoyallaApi", "LoyallaApi\LoyallaApi.csproj", "{1AA9482B-FA9B-4045-9B57-8C71FCC0A589}"
EndProject
Global
	GlobalSection(SolutionConfigurationPlatforms) = preSolution
		Debug|Any CPU = Debug|Any CPU
		Release|Any CPU = Release|Any CPU
	EndGlobalSection
	GlobalSection(ProjectConfigurationPlatforms) = postSolution
		{1AA9482B-FA9B-4045-9B57-8C71FCC0A589}.Debug|Any CPU.ActiveCfg = Debug|Any CPU
		{1AA9482B-FA9B-4045-9B57-8C71FCC0A589}.Debug|Any CPU.Build.0 = Debug|Any CPU
		{1AA9482B-FA9B-4045-9B57-8C71FCC0A589}.Release|Any CPU.ActiveCfg = Release|Any CPU
		{1AA9482B-FA9B-4045-9B57-8C71FCC0A589}.Release|Any CPU.Build.0 = Release|Any CPU
	EndGlobalSection
	GlobalSection(SolutionProperties) = preSolution
		HideSolutionNode = FALSE
	EndGlobalSection
	GlobalSection(ExtensibilityGlobals) = postSolution
		SolutionGuid = {9D25495C-5E8E-4C5C-910C-4F1924562953}
	EndGlobalSection
EndGlobal
